
Microsoft Visual Studio Solution File, Format Version 12.00
# Visual Studio Version 17
VisualStudioVersion = 17.9.34902.65
MinimumVisualStudioVersion = 10.0.40219.1
Project("{FAE04EC0-301F-11D3-BF4B-00C04F79EFBC}") = "RepairCRUD", "RepairCRUD\RepairCRUD.csproj", "{8BE734F9-4C37-4D96-9E5B-D8CF98B76ABC}"
EndProject
Global
	GlobalSection(SolutionConfigurationPlatforms) = preSolution
		Debug|Any CPU = Debug|Any CPU
		Release|Any CPU = Release|Any CPU
	EndGlobalSection
	GlobalSection(ProjectConfigurationPlatforms) = postSolution
		{8BE734F9-4C37-4D96-9E5B-D8CF98B76ABC}.Debug|Any CPU.ActiveCfg = Debug|Any CPU
		{8BE734F9-4C37-4D96-9E5B-D8CF98B76ABC}.Debug|Any CPU.Build.0 = Debug|Any CPU
		{8BE734F9-4C37-4D96-9E5B-D8CF98B76ABC}.Release|Any CPU.ActiveCfg = Release|Any CPU
		{8BE734F9-4C37-4D96-9E5B-D8CF98B76ABC}.Release|Any CPU.Build.0 = Release|Any CPU
	EndGlobalSection
	GlobalSection(SolutionProperties) = preSolution
		HideSolutionNode = FALSE
	EndGlobalSection
	GlobalSection(ExtensibilityGlobals) = postSolution
		SolutionGuid = {BAD26284-FA82-4905-9343-0AF5D684AAC3}
	EndGlobalSection
EndGlobal
